{
  "name": "bhailog",
  "lockfileVersion": 2,
  "requires": true,
  "packages": {
    "": {
      "dependencies": {
        "bhailang": "^0.0.9"
      }
    },
    "node_modules/bhailang": {
      "version": "0.0.9",
      "resolved": "https://registry.npmjs.org/bhailang/-/bhailang-0.0.9.tgz",
      "integrity": "sha512-ImZzYLyX8nCcb0a+LgNlPdAuEw6khP4KwOnrL2rjI0LGsEzFto0lqzns199uubGSDko1DX4S25REg3/m3T8BHw==",
      "bin": {
        "bhailang": "bin/index.js"
      }
    }
  },
  "dependencies": {
    "bhailang": {
      "version": "0.0.9",
      "resolved": "https://registry.npmjs.org/bhailang/-/bhailang-0.0.9.tgz",
      "integrity": "sha512-ImZzYLyX8nCcb0a+LgNlPdAuEw6khP4KwOnrL2rjI0LGsEzFto0lqzns199uubGSDko1DX4S25REg3/m3T8BHw=="
    }
  }
}
